
Microsoft Visual Studio Solution File, Format Version 12.00
# Visual Studio Version 17
VisualStudioVersion = 17.6.33815.320
MinimumVisualStudioVersion = 10.0.40219.1
Project("{9A19103F-16F7-4668-BE54-9A1E7A4F7556}") = "HelloGrasshopper", "HelloGrasshopper\HelloGrasshopper.csproj", "{624ECF4E-E6B7-4318-A911-DED0D6C3B9E6}"
EndProject
Global
	GlobalSection(SolutionConfigurationPlatforms) = preSolution
		Debug|Any CPU = Debug|Any CPU
		Release|Any CPU = Release|Any CPU
	EndGlobalSection
	GlobalSection(ProjectConfigurationPlatforms) = postSolution
		{624ECF4E-E6B7-4318-A911-DED0D6C3B9E6}.Debug|Any CPU.ActiveCfg = Debug|Any CPU
		{624ECF4E-E6B7-4318-A911-DED0D6C3B9E6}.Debug|Any CPU.Build.0 = Debug|Any CPU
		{624ECF4E-E6B7-4318-A911-DED0D6C3B9E6}.Release|Any CPU.ActiveCfg = Release|Any CPU
		{624ECF4E-E6B7-4318-A911-DED0D6C3B9E6}.Release|Any CPU.Build.0 = Release|Any CPU
	EndGlobalSection
	GlobalSection(SolutionProperties) = preSolution
		HideSolutionNode = FALSE
	EndGlobalSection
	GlobalSection(ExtensibilityGlobals) = postSolution
		SolutionGuid = {4406AD0D-900D-4EF9-8DF6-5B25AC853E26}
	EndGlobalSection
EndGlobal
